// !$*UTF8*$!
{
	archiveVersion = 1;
	classes = {
	};
	objectVersion = 46;
	objects = {

/* Begin PBXBuildFile section */
		1260BB9E1E7D705000187496 /* Communicable+.swift in Sources */ = {isa = PBXBuildFile; fileRef = 12AD07011E7943CF007D5311 /* Communicable+.swift */; };
		1261C4521E86541900E53D04 /* Radar.swift in Sources */ = {isa = PBXBuildFile; fileRef = 1261C4511E86541900E53D04 /* Radar.swift */; };
		1261C4531E86541900E53D04 /* Radar.swift in Sources */ = {isa = PBXBuildFile; fileRef = 1261C4511E86541900E53D04 /* Radar.swift */; };
		1264FA331E7FC088005DCC2E /* BeaconViewController.swift in Sources */ = {isa = PBXBuildFile; fileRef = 1264FA321E7FC088005DCC2E /* BeaconViewController.swift */; };
		12AD06D91E794054007D5311 /* AppDelegate.swift in Sources */ = {isa = PBXBuildFile; fileRef = 12AD06D81E794054007D5311 /* AppDelegate.swift */; };
		12AD06E01E794054007D5311 /* Assets.xcassets in Resources */ = {isa = PBXBuildFile; fileRef = 12AD06DF1E794054007D5311 /* Assets.xcassets */; };
		12AD06E31E794054007D5311 /* LaunchScreen.storyboard in Resources */ = {isa = PBXBuildFile; fileRef = 12AD06E11E794054007D5311 /* LaunchScreen.storyboard */; };
		12AD06FB1E794397007D5311 /* Beacon.swift in Sources */ = {isa = PBXBuildFile; fileRef = 12AD06F51E794397007D5311 /* Beacon.swift */; };
		12AD06FC1E794397007D5311 /* Bleu.swift in Sources */ = {isa = PBXBuildFile; fileRef = 12AD06F61E794397007D5311 /* Bleu.swift */; };
		12AD06FD1E794397007D5311 /* Communicable.swift in Sources */ = {isa = PBXBuildFile; fileRef = 12AD06F71E794397007D5311 /* Communicable.swift */; };
		12AD06FE1E794397007D5311 /* Receiver.swift in Sources */ = {isa = PBXBuildFile; fileRef = 12AD06F81E794397007D5311 /* Receiver.swift */; };
		12AD06FF1E794397007D5311 /* Request.swift in Sources */ = {isa = PBXBuildFile; fileRef = 12AD06F91E794397007D5311 /* Request.swift */; };
		12AD07031E7943CF007D5311 /* BroadcastViewController.swift in Sources */ = {isa = PBXBuildFile; fileRef = 12AD07001E7943CF007D5311 /* BroadcastViewController.swift */; };
		12AD07051E7943CF007D5311 /* GetViewController.swift in Sources */ = {isa = PBXBuildFile; fileRef = 12AD07021E7943CF007D5311 /* GetViewController.swift */; };
		12AD07091E7943D6007D5311 /* NotifyViewController.swift in Sources */ = {isa = PBXBuildFile; fileRef = 12AD07061E7943D6007D5311 /* NotifyViewController.swift */; };
		12AD070A1E7943D6007D5311 /* PostViewController.swift in Sources */ = {isa = PBXBuildFile; fileRef = 12AD07071E7943D6007D5311 /* PostViewController.swift */; };
		12AD070B1E7943D6007D5311 /* ViewController.swift in Sources */ = {isa = PBXBuildFile; fileRef = 12AD07081E7943D6007D5311 /* ViewController.swift */; };
		12AD070E1E79441E007D5311 /* Main.storyboard in Resources */ = {isa = PBXBuildFile; fileRef = 12AD070C1E79441E007D5311 /* Main.storyboard */; };
		12AD07101E794442007D5311 /* Beacon.swift in Sources */ = {isa = PBXBuildFile; fileRef = 12AD06F51E794397007D5311 /* Beacon.swift */; };
		12AD07111E794442007D5311 /* Bleu.swift in Sources */ = {isa = PBXBuildFile; fileRef = 12AD06F61E794397007D5311 /* Bleu.swift */; };
		12AD07121E794442007D5311 /* Communicable.swift in Sources */ = {isa = PBXBuildFile; fileRef = 12AD06F71E794397007D5311 /* Communicable.swift */; };
		12AD07131E794442007D5311 /* Receiver.swift in Sources */ = {isa = PBXBuildFile; fileRef = 12AD06F81E794397007D5311 /* Receiver.swift */; };
		12AD07141E794442007D5311 /* Request.swift in Sources */ = {isa = PBXBuildFile; fileRef = 12AD06F91E794397007D5311 /* Request.swift */; };
/* End PBXBuildFile section */

/* Begin PBXFileReference section */
		125FA7C61E7631B600DC0D62 /* Bleu.app */ = {isa = PBXFileReference; explicitFileType = wrapper.application; includeInIndex = 0; path = Bleu.app; sourceTree = BUILT_PRODUCTS_DIR; };
		1261C4511E86541900E53D04 /* Radar.swift */ = {isa = PBXFileReference; fileEncoding = 4; lastKnownFileType = sourcecode.swift; name = Radar.swift; path = ../Sources/Radar.swift; sourceTree = "<group>"; };
		1264FA321E7FC088005DCC2E /* BeaconViewController.swift */ = {isa = PBXFileReference; fileEncoding = 4; lastKnownFileType = sourcecode.swift; path = BeaconViewController.swift; sourceTree = "<group>"; };
		12AD06D61E794054007D5311 /* Sample.app */ = {isa = PBXFileReference; explicitFileType = wrapper.application; includeInIndex = 0; path = Sample.app; sourceTree = BUILT_PRODUCTS_DIR; };
		12AD06D81E794054007D5311 /* AppDelegate.swift */ = {isa = PBXFileReference; lastKnownFileType = sourcecode.swift; path = AppDelegate.swift; sourceTree = "<group>"; };
		12AD06DF1E794054007D5311 /* Assets.xcassets */ = {isa = PBXFileReference; lastKnownFileType = folder.assetcatalog; path = Assets.xcassets; sourceTree = "<group>"; };
		12AD06E21E794054007D5311 /* Base */ = {isa = PBXFileReference; lastKnownFileType = file.storyboard; name = Base; path = Base.lproj/LaunchScreen.storyboard; sourceTree = "<group>"; };
		12AD06E41E794054007D5311 /* Info.plist */ = {isa = PBXFileReference; lastKnownFileType = text.plist.xml; path = Info.plist; sourceTree = "<group>"; };
		12AD06F51E794397007D5311 /* Beacon.swift */ = {isa = PBXFileReference; fileEncoding = 4; lastKnownFileType = sourcecode.swift; name = Beacon.swift; path = Sources/Beacon.swift; sourceTree = SOURCE_ROOT; };
		12AD06F61E794397007D5311 /* Bleu.swift */ = {isa = PBXFileReference; fileEncoding = 4; lastKnownFileType = sourcecode.swift; name = Bleu.swift; path = Sources/Bleu.swift; sourceTree = SOURCE_ROOT; };
		12AD06F71E794397007D5311 /* Communicable.swift */ = {isa = PBXFileReference; fileEncoding = 4; lastKnownFileType = sourcecode.swift; name = Communicable.swift; path = Sources/Communicable.swift; sourceTree = SOURCE_ROOT; };
		12AD06F81E794397007D5311 /* Receiver.swift */ = {isa = PBXFileReference; fileEncoding = 4; lastKnownFileType = sourcecode.swift; name = Receiver.swift; path = Sources/Receiver.swift; sourceTree = SOURCE_ROOT; };
		12AD06F91E794397007D5311 /* Request.swift */ = {isa = PBXFileReference; fileEncoding = 4; lastKnownFileType = sourcecode.swift; name = Request.swift; path = Sources/Request.swift; sourceTree = SOURCE_ROOT; };
		12AD07001E7943CF007D5311 /* BroadcastViewController.swift */ = {isa = PBXFileReference; fileEncoding = 4; lastKnownFileType = sourcecode.swift; path = BroadcastViewController.swift; sourceTree = "<group>"; };
		12AD07011E7943CF007D5311 /* Communicable+.swift */ = {isa = PBXFileReference; fileEncoding = 4; lastKnownFileType = sourcecode.swift; path = "Communicable+.swift"; sourceTree = "<group>"; };
		12AD07021E7943CF007D5311 /* GetViewController.swift */ = {isa = PBXFileReference; fileEncoding = 4; lastKnownFileType = sourcecode.swift; path = GetViewController.swift; sourceTree = "<group>"; };
		12AD07061E7943D6007D5311 /* NotifyViewController.swift */ = {isa = PBXFileReference; fileEncoding = 4; lastKnownFileType = sourcecode.swift; path = NotifyViewController.swift; sourceTree = "<group>"; };
		12AD07071E7943D6007D5311 /* PostViewController.swift */ = {isa = PBXFileReference; fileEncoding = 4; lastKnownFileType = sourcecode.swift; path = PostViewController.swift; sourceTree = "<group>"; };
		12AD07081E7943D6007D5311 /* ViewController.swift */ = {isa = PBXFileReference; fileEncoding = 4; lastKnownFileType = sourcecode.swift; path = ViewController.swift; sourceTree = "<group>"; };
		12AD070D1E79441E007D5311 /* Base */ = {isa = PBXFileReference; lastKnownFileType = file.storyboard; name = Base; path = Base.lproj/Main.storyboard; sourceTree = "<group>"; };
/* End PBXFileReference section */

/* Begin PBXFrameworksBuildPhase section */
		125FA7C31E7631B600DC0D62 /* Frameworks */ = {
			isa = PBXFrameworksBuildPhase;
			buildActionMask = 2147483647;
			files = (
			);
			runOnlyForDeploymentPostprocessing = 0;
		};
		12AD06D31E794054007D5311 /* Frameworks */ = {
			isa = PBXFrameworksBuildPhase;
			buildActionMask = 2147483647;
			files = (
			);
			runOnlyForDeploymentPostprocessing = 0;
		};
/* End PBXFrameworksBuildPhase section */

/* Begin PBXGroup section */
		125FA7BD1E7631B600DC0D62 = {
			isa = PBXGroup;
			children = (
				125FA7C81E7631B600DC0D62 /* Bleu */,
				12AD06D71E794054007D5311 /* Sample */,
				125FA7C71E7631B600DC0D62 /* Products */,
			);
			sourceTree = "<group>";
		};
		125FA7C71E7631B600DC0D62 /* Products */ = {
			isa = PBXGroup;
			children = (
				125FA7C61E7631B600DC0D62 /* Bleu.app */,
				12AD06D61E794054007D5311 /* Sample.app */,
			);
			name = Products;
			sourceTree = "<group>";
		};
		125FA7C81E7631B600DC0D62 /* Bleu */ = {
			isa = PBXGroup;
			children = (
				12AD06F51E794397007D5311 /* Beacon.swift */,
				1261C4511E86541900E53D04 /* Radar.swift */,
				12AD06F61E794397007D5311 /* Bleu.swift */,
				12AD06F71E794397007D5311 /* Communicable.swift */,
				12AD06F81E794397007D5311 /* Receiver.swift */,
				12AD06F91E794397007D5311 /* Request.swift */,
			);
			path = Bleu;
			sourceTree = "<group>";
		};
		12AD06D71E794054007D5311 /* Sample */ = {
			isa = PBXGroup;
			children = (
				12AD07011E7943CF007D5311 /* Communicable+.swift */,
				12AD06D81E794054007D5311 /* AppDelegate.swift */,
				12AD07021E7943CF007D5311 /* GetViewController.swift */,
				12AD07061E7943D6007D5311 /* NotifyViewController.swift */,
				12AD07071E7943D6007D5311 /* PostViewController.swift */,
				12AD07001E7943CF007D5311 /* BroadcastViewController.swift */,
				1264FA321E7FC088005DCC2E /* BeaconViewController.swift */,
				12AD07081E7943D6007D5311 /* ViewController.swift */,
				12AD06DF1E794054007D5311 /* Assets.xcassets */,
				12AD070C1E79441E007D5311 /* Main.storyboard */,
				12AD06E11E794054007D5311 /* LaunchScreen.storyboard */,
				12AD06E41E794054007D5311 /* Info.plist */,
			);
			path = Sample;
			sourceTree = "<group>";
		};
/* End PBXGroup section */

/* Begin PBXNativeTarget section */
		125FA7C51E7631B600DC0D62 /* Bleu */ = {
			isa = PBXNativeTarget;
			buildConfigurationList = 125FA7D81E7631B600DC0D62 /* Build configuration list for PBXNativeTarget "Bleu" */;
			buildPhases = (
				125FA7C21E7631B600DC0D62 /* Sources */,
				125FA7C31E7631B600DC0D62 /* Frameworks */,
				125FA7C41E7631B600DC0D62 /* Resources */,
			);
			buildRules = (
			);
			dependencies = (
			);
			name = Bleu;
			productName = Bleu;
			productReference = 125FA7C61E7631B600DC0D62 /* Bleu.app */;
			productType = "com.apple.product-type.application";
		};
		12AD06D51E794054007D5311 /* Sample */ = {
			isa = PBXNativeTarget;
			buildConfigurationList = 12AD06E71E794054007D5311 /* Build configuration list for PBXNativeTarget "Sample" */;
			buildPhases = (
				12AD06D21E794054007D5311 /* Sources */,
				12AD06D31E794054007D5311 /* Frameworks */,
				12AD06D41E794054007D5311 /* Resources */,
			);
			buildRules = (
			);
			dependencies = (
			);
			name = Sample;
			productName = Sample;
			productReference = 12AD06D61E794054007D5311 /* Sample.app */;
			productType = "com.apple.product-type.application";
		};
/* End PBXNativeTarget section */

/* Begin PBXProject section */
		125FA7BE1E7631B600DC0D62 /* Project object */ = {
			isa = PBXProject;
			attributes = {
				LastSwiftUpdateCheck = 0830;
				LastUpgradeCheck = 0830;
				ORGANIZATIONNAME = "Stamp inc";
				TargetAttributes = {
					125FA7C51E7631B600DC0D62 = {
						CreatedOnToolsVersion = 8.3;
						DevelopmentTeam = 88ACA86N96;
						ProvisioningStyle = Automatic;
						SystemCapabilities = {
							com.apple.BackgroundModes = {
								enabled = 1;
							};
						};
					};
					12AD06D51E794054007D5311 = {
						CreatedOnToolsVersion = 8.3;
						DevelopmentTeam = 88ACA86N96;
						ProvisioningStyle = Automatic;
						SystemCapabilities = {
							com.apple.BackgroundModes = {
								enabled = 1;
							};
						};
					};
				};
			};
			buildConfigurationList = 125FA7C11E7631B600DC0D62 /* Build configuration list for PBXProject "Bleu" */;
			compatibilityVersion = "Xcode 3.2";
			developmentRegion = English;
			hasScannedForEncodings = 0;
			knownRegions = (
				en,
				Base,
			);
			mainGroup = 125FA7BD1E7631B600DC0D62;
			productRefGroup = 125FA7C71E7631B600DC0D62 /* Products */;
			projectDirPath = "";
			projectRoot = "";
			targets = (
				125FA7C51E7631B600DC0D62 /* Bleu */,
				12AD06D51E794054007D5311 /* Sample */,
			);
		};
/* End PBXProject section */

/* Begin PBXResourcesBuildPhase section */
		125FA7C41E7631B600DC0D62 /* Resources */ = {
			isa = PBXResourcesBuildPhase;
			buildActionMask = 2147483647;
			files = (
			);
			runOnlyForDeploymentPostprocessing = 0;
		};
		12AD06D41E794054007D5311 /* Resources */ = {
			isa = PBXResourcesBuildPhase;
			buildActionMask = 2147483647;
			files = (
				12AD070E1E79441E007D5311 /* Main.storyboard in Resources */,
				12AD06E31E794054007D5311 /* LaunchScreen.storyboard in Resources */,
				12AD06E01E794054007D5311 /* Assets.xcassets in Resources */,
			);
			runOnlyForDeploymentPostprocessing = 0;
		};
/* End PBXResourcesBuildPhase section */

/* Begin PBXSourcesBuildPhase section */
		125FA7C21E7631B600DC0D62 /* Sources */ = {
			isa = PBXSourcesBuildPhase;
			buildActionMask = 2147483647;
			files = (
				12AD06FF1E794397007D5311 /* Request.swift in Sources */,
				12AD06FD1E794397007D5311 /* Communicable.swift in Sources */,
				12AD06FC1E794397007D5311 /* Bleu.swift in Sources */,
				12AD06FE1E794397007D5311 /* Receiver.swift in Sources */,
				1261C4521E86541900E53D04 /* Radar.swift in Sources */,
				12AD06FB1E794397007D5311 /* Beacon.swift in Sources */,
			);
			runOnlyForDeploymentPostprocessing = 0;
		};
		12AD06D21E794054007D5311 /* Sources */ = {
			isa = PBXSourcesBuildPhase;
			buildActionMask = 2147483647;
			files = (
				12AD070A1E7943D6007D5311 /* PostViewController.swift in Sources */,
				12AD07141E794442007D5311 /* Request.swift in Sources */,
				12AD07031E7943CF007D5311 /* BroadcastViewController.swift in Sources */,
				12AD07091E7943D6007D5311 /* NotifyViewController.swift in Sources */,
				12AD07111E794442007D5311 /* Bleu.swift in Sources */,
				12AD07121E794442007D5311 /* Communicable.swift in Sources */,
				12AD07051E7943CF007D5311 /* GetViewController.swift in Sources */,
				12AD07131E794442007D5311 /* Receiver.swift in Sources */,
				12AD070B1E7943D6007D5311 /* ViewController.swift in Sources */,
				1261C4531E86541900E53D04 /* Radar.swift in Sources */,
				12AD07101E794442007D5311 /* Beacon.swift in Sources */,
				1264FA331E7FC088005DCC2E /* BeaconViewController.swift in Sources */,
				12AD06D91E794054007D5311 /* AppDelegate.swift in Sources */,
				1260BB9E1E7D705000187496 /* Communicable+.swift in Sources */,
			);
			runOnlyForDeploymentPostprocessing = 0;
		};
/* End PBXSourcesBuildPhase section */

/* Begin PBXVariantGroup section */
		12AD06E11E794054007D5311 /* LaunchScreen.storyboard */ = {
			isa = PBXVariantGroup;
			children = (
				12AD06E21E794054007D5311 /* Base */,
			);
			name = LaunchScreen.storyboard;
			sourceTree = "<group>";
		};
		12AD070C1E79441E007D5311 /* Main.storyboard */ = {
			isa = PBXVariantGroup;
			children = (
				12AD070D1E79441E007D5311 /* Base */,
			);
			name = Main.storyboard;
			sourceTree = "<group>";
		};
/* End PBXVariantGroup section */

/* Begin XCBuildConfiguration section */
		125FA7D61E7631B600DC0D62 /* Debug */ = {
			isa = XCBuildConfiguration;
			buildSettings = {
				ALWAYS_SEARCH_USER_PATHS = NO;
				CLANG_ANALYZER_NONNULL = YES;
				CLANG_ANALYZER_NUMBER_OBJECT_CONVERSION = YES_AGGRESSIVE;
				CLANG_CXX_LANGUAGE_STANDARD = "gnu++0x";
				CLANG_CXX_LIBRARY = "libc++";
				CLANG_ENABLE_MODULES = YES;
				CLANG_ENABLE_OBJC_ARC = YES;
				CLANG_WARN_BOOL_CONVERSION = YES;
				CLANG_WARN_CONSTANT_CONVERSION = YES;
				CLANG_WARN_DIRECT_OBJC_ISA_USAGE = YES_ERROR;
				CLANG_WARN_DOCUMENTATION_COMMENTS = YES;
				CLANG_WARN_EMPTY_BODY = YES;
				CLANG_WARN_ENUM_CONVERSION = YES;
				CLANG_WARN_INFINITE_RECURSION = YES;
				CLANG_WARN_INT_CONVERSION = YES;
				CLANG_WARN_OBJC_ROOT_CLASS = YES_ERROR;
				CLANG_WARN_SUSPICIOUS_MOVE = YES;
				CLANG_WARN_UNREACHABLE_CODE = YES;
				CLANG_WARN__DUPLICATE_METHOD_MATCH = YES;
				"CODE_SIGN_IDENTITY[sdk=iphoneos*]" = "iPhone Developer";
				COPY_PHASE_STRIP = NO;
				DEBUG_INFORMATION_FORMAT = dwarf;
				ENABLE_STRICT_OBJC_MSGSEND = YES;
				ENABLE_TESTABILITY = YES;
				GCC_C_LANGUAGE_STANDARD = gnu99;
				GCC_DYNAMIC_NO_PIC = NO;
				GCC_NO_COMMON_BLOCKS = YES;
				GCC_OPTIMIZATION_LEVEL = 0;
				GCC_PREPROCESSOR_DEFINITIONS = (
					"DEBUG=1",
					"$(inherited)",
				);
				GCC_WARN_64_TO_32_BIT_CONVERSION = YES;
				GCC_WARN_ABOUT_RETURN_TYPE = YES_ERROR;
				GCC_WARN_UNDECLARED_SELECTOR = YES;
				GCC_WARN_UNINITIALIZED_AUTOS = YES_AGGRESSIVE;
				GCC_WARN_UNUSED_FUNCTION = YES;
				GCC_WARN_UNUSED_VARIABLE = YES;
				IPHONEOS_DEPLOYMENT_TARGET = 10.3;
				MTL_ENABLE_DEBUG_INFO = YES;
				ONLY_ACTIVE_ARCH = YES;
				SDKROOT = iphoneos;
				SWIFT_ACTIVE_COMPILATION_CONDITIONS = DEBUG;
				SWIFT_OPTIMIZATION_LEVEL = "-Onone";
			};
			name = Debug;
		};
		125FA7D71E7631B600DC0D62 /* Release */ = {
			isa = XCBuildConfiguration;
			buildSettings = {
				ALWAYS_SEARCH_USER_PATHS = NO;
				CLANG_ANALYZER_NONNULL = YES;
				CLANG_ANALYZER_NUMBER_OBJECT_CONVERSION = YES_AGGRESSIVE;
				CLANG_CXX_LANGUAGE_STANDARD = "gnu++0x";
				CLANG_CXX_LIBRARY = "libc++";
				CLANG_ENABLE_MODULES = YES;
				CLANG_ENABLE_OBJC_ARC = YES;
				CLANG_WARN_BOOL_CONVERSION = YES;
				CLANG_WARN_CONSTANT_CONVERSION = YES;
				CLANG_WARN_DIRECT_OBJC_ISA_USAGE = YES_ERROR;
				CLANG_WARN_DOCUMENTATION_COMMENTS = YES;
				CLANG_WARN_EMPTY_BODY = YES;
				CLANG_WARN_ENUM_CONVERSION = YES;
				CLANG_WARN_INFINITE_RECURSION = YES;
				CLANG_WARN_INT_CONVERSION = YES;
				CLANG_WARN_OBJC_ROOT_CLASS = YES_ERROR;
				CLANG_WARN_SUSPICIOUS_MOVE = YES;
				CLANG_WARN_UNREACHABLE_CODE = YES;
				CLANG_WARN__DUPLICATE_METHOD_MATCH = YES;
				"CODE_SIGN_IDENTITY[sdk=iphoneos*]" = "iPhone Developer";
				COPY_PHASE_STRIP = NO;
				DEBUG_INFORMATION_FORMAT = "dwarf-with-dsym";
				ENABLE_NS_ASSERTIONS = NO;
				ENABLE_STRICT_OBJC_MSGSEND = YES;
				GCC_C_LANGUAGE_STANDARD = gnu99;
				GCC_NO_COMMON_BLOCKS = YES;
				GCC_WARN_64_TO_32_BIT_CONVERSION = YES;
				GCC_WARN_ABOUT_RETURN_TYPE = YES_ERROR;
				GCC_WARN_UNDECLARED_SELECTOR = YES;
				GCC_WARN_UNINITIALIZED_AUTOS = YES_AGGRESSIVE;
				GCC_WARN_UNUSED_FUNCTION = YES;
				GCC_WARN_UNUSED_VARIABLE = YES;
				IPHONEOS_DEPLOYMENT_TARGET = 10.3;
				MTL_ENABLE_DEBUG_INFO = NO;
				SDKROOT = iphoneos;
				SWIFT_OPTIMIZATION_LEVEL = "-Owholemodule";
				VALIDATE_PRODUCT = YES;
			};
			name = Release;
		};
		125FA7D91E7631B600DC0D62 /* Debug */ = {
			isa = XCBuildConfiguration;
			buildSettings = {
				ASSETCATALOG_COMPILER_APPICON_NAME = AppIcon;
				DEVELOPMENT_TEAM = 88ACA86N96;
				INFOPLIST_FILE = Bleu/Info.plist;
				LD_RUNPATH_SEARCH_PATHS = "$(inherited) @executable_path/Frameworks";
				PRODUCT_BUNDLE_IDENTIFIER = inc.stamp.Bleu;
				PRODUCT_NAME = "$(TARGET_NAME)";
				SWIFT_VERSION = 3.0;
			};
			name = Debug;
		};
		125FA7DA1E7631B600DC0D62 /* Release */ = {
			isa = XCBuildConfiguration;
			buildSettings = {
				ASSETCATALOG_COMPILER_APPICON_NAME = AppIcon;
				DEVELOPMENT_TEAM = 88ACA86N96;
				INFOPLIST_FILE = Bleu/Info.plist;
				LD_RUNPATH_SEARCH_PATHS = "$(inherited) @executable_path/Frameworks";
				PRODUCT_BUNDLE_IDENTIFIER = inc.stamp.Bleu;
				PRODUCT_NAME = "$(TARGET_NAME)";
				SWIFT_VERSION = 3.0;
			};
			name = Release;
		};
		12AD06E51E794054007D5311 /* Debug */ = {
			isa = XCBuildConfiguration;
			buildSettings = {
				ASSETCATALOG_COMPILER_APPICON_NAME = AppIcon;
				DEVELOPMENT_TEAM = 88ACA86N96;
				INFOPLIST_FILE = Sample/Info.plist;
				LD_RUNPATH_SEARCH_PATHS = "$(inherited) @executable_path/Frameworks";
				PRODUCT_BUNDLE_IDENTIFIER = inc.stamp.Bleu;
				PRODUCT_NAME = "$(TARGET_NAME)";
				SWIFT_VERSION = 3.0;
			};
			name = Debug;
		};
		12AD06E61E794054007D5311 /* Release */ = {
			isa = XCBuildConfiguration;
			buildSettings = {
				ASSETCATALOG_COMPILER_APPICON_NAME = AppIcon;
				DEVELOPMENT_TEAM = 88ACA86N96;
				INFOPLIST_FILE = Sample/Info.plist;
				LD_RUNPATH_SEARCH_PATHS = "$(inherited) @executable_path/Frameworks";
				PRODUCT_BUNDLE_IDENTIFIER = inc.stamp.Bleu;
				PRODUCT_NAME = "$(TARGET_NAME)";
				SWIFT_VERSION = 3.0;
			};
			name = Release;
		};
/* End XCBuildConfiguration section */

/* Begin XCConfigurationList section */
		125FA7C11E7631B600DC0D62 /* Build configuration list for PBXProject "Bleu" */ = {
			isa = XCConfigurationList;
			buildConfigurations = (
				125FA7D61E7631B600DC0D62 /* Debug */,
				125FA7D71E7631B600DC0D62 /* Release */,
			);
			defaultConfigurationIsVisible = 0;
			defaultConfigurationName = Release;
		};
		125FA7D81E7631B600DC0D62 /* Build configuration list for PBXNativeTarget "Bleu" */ = {
			isa = XCConfigurationList;
			buildConfigurations = (
				125FA7D91E7631B600DC0D62 /* Debug */,
				125FA7DA1E7631B600DC0D62 /* Release */,
			);
			defaultConfigurationIsVisible = 0;
			defaultConfigurationName = Release;
		};
		12AD06E71E794054007D5311 /* Build configuration list for PBXNativeTarget "Sample" */ = {
			isa = XCConfigurationList;
			buildConfigurations = (
				12AD06E51E794054007D5311 /* Debug */,
				12AD06E61E794054007D5311 /* Release */,
			);
			defaultConfigurationIsVisible = 0;
			defaultConfigurationName = Release;
		};
/* End XCConfigurationList section */
	};
	rootObject = 125FA7BE1E7631B600DC0D62 /* Project object */;
}
